{
  "name": "password",
  "lockfileVersion": 2,
  "requires": true,
  "packages": {
    "": {
      "name": "password",
      "dependencies": {
        "@fortawesome/fontawesome-svg-core": "^6.1.1",
        "@fortawesome/free-solid-svg-icons": "^6.1.1",
        "bootstrap": "^4.5.0",
        "bootswatch": "^4.5.0",
        "jquery": "^3.5.1",
        "popper.js": "^1.16.1",
        "typeface-roboto": "^0.0.54"
      },
      "devDependencies": {
        "esbuild": "^0.14.47",
        "esbuild-sass-plugin": "^2.2.6"
      }
    },
    "node_modules/@fortawesome/fontawesome-common-types": {
      "version": "6.1.1",
      "resolved": "https://registry.npmjs.org/@fortawesome/fontawesome-common-types/-/fontawesome-common-types-6.1.1.tgz",
      "integrity": "sha512-wVn5WJPirFTnzN6tR95abCx+ocH+3IFLXAgyavnf9hUmN0CfWoDjPT/BAWsUVwSlYYVBeCLJxaqi7ZGe4uSjBA==",
      "hasInstallScript": true,
      "engines": {
        "node": ">=6"
      }
    },
    "node_modules/@fortawesome/fontawesome-svg-core": {
      "version": "6.1.1",
      "resolved": "https://registry.npmjs.org/@fortawesome/fontawesome-svg-core/-/fontawesome-svg-core-6.1.1.tgz",
      "integrity": "sha512-NCg0w2YIp81f4V6cMGD9iomfsIj7GWrqmsa0ZsPh59G7PKiGN1KymZNxmF00ssuAlo/VZmpK6xazsGOwzKYUMg==",
      "hasInstallScript": true,
      "dependencies": {
        "@fortawesome/fontawesome-common-types": "6.1.1"
      },
      "engines": {
        "node": ">=6"
      }
    },
    "node_modules/@fortawesome/free-solid-svg-icons": {
      "version": "6.1.1",
      "resolved": "https://registry.npmjs.org/@fortawesome/free-solid-svg-icons/-/free-solid-svg-icons-6.1.1.tgz",
      "integrity": "sha512-0/5exxavOhI/D4Ovm2r3vxNojGZioPwmFrKg0ZUH69Q68uFhFPs6+dhAToh6VEQBntxPRYPuT5Cg1tpNa9JUPg==",
      "hasInstallScript": true,
      "dependencies": {
        "@fortawesome/fontawesome-common-types": "6.1.1"
      },
      "engines": {
        "node": ">=6"
      }
    },
    "node_modules/anymatch": {
      "version": "3.1.2",
      "resolved": "https://registry.npmjs.org/anymatch/-/anymatch-3.1.2.tgz",
      "integrity": "sha512-P43ePfOAIupkguHUycrc4qJ9kz8ZiuOUijaETwX7THt0Y/GNK7v0aa8rY816xWjZ7rJdA5XdMcpVFTKMq+RvWg==",
      "dev": true,
      "dependencies": {
        "normalize-path": "^3.0.0",
        "picomatch": "^2.0.4"
      },
      "engines": {
        "node": ">= 8"
      }
    },
    "node_modules/binary-extensions": {
      "version": "2.2.0",
      "resolved": "https://registry.npmjs.org/binary-extensions/-/binary-extensions-2.2.0.tgz",
      "integrity": "sha512-jDctJ/IVQbZoJykoeHbhXpOlNBqGNcwXJKJog42E5HDPUwQTSdjCHdihjj0DlnheQ7blbT6dHOafNAiS8ooQKA==",
      "dev": true,
      "engines": {
        "node": ">=8"
      }
    },
    "node_modules/bootstrap": {
      "version": "4.6.1",
      "resolved": "https://registry.npmjs.org/bootstrap/-/bootstrap-4.6.1.tgz",
      "integrity": "sha512-0dj+VgI9Ecom+rvvpNZ4MUZJz8dcX7WCX+eTID9+/8HgOkv3dsRzi8BGeZJCQU6flWQVYxwTQnEZFrmJSEO7og==",
      "funding": {
        "type": "opencollective",
        "url": "https://opencollective.com/bootstrap"
      },
      "peerDependencies": {
        "jquery": "1.9.1 - 3",
        "popper.js": "^1.16.1"
      }
    },
    "node_modules/bootswatch": {
      "version": "4.6.1",
      "resolved": "https://registry.npmjs.org/bootswatch/-/bootswatch-4.6.1.tgz",
      "integrity": "sha512-5vRhlIIvgZ2rH3QLHcVVa+Z+jNpn1/zEvGlJYkp4/g1LmsGY42S6IOpYyBu40RGjqqiYIjoeX/uWDdAAIYVG7A=="
    },
    "node_modules/braces": {
      "version": "3.0.3",
      "resolved": "https://registry.npmjs.org/braces/-/braces-3.0.3.tgz",
      "integrity": "sha512-yQbXgO/OSZVD2IsiLlro+7Hf6Q18EJrKSEsdoMzKePKXct3gvD8oLcOQdIzGupr5Fj+EDe8gO/lxc1BzfMpxvA==",
      "dev": true,
      "dependencies": {
        "fill-range": "^7.1.1"
      },
      "engines": {
        "node": ">=8"
      }
    },
    "node_modules/chokidar": {
      "version": "3.5.3",
      "resolved": "https://registry.npmjs.org/chokidar/-/chokidar-3.5.3.tgz",
      "integrity": "sha512-Dr3sfKRP6oTcjf2JmUmFJfeVMvXBdegxB0iVQ5eb2V10uFJUCAS8OByZdVAyVb8xXNz3GjjTgj9kLWsZTqE6kw==",
      "dev": true,
      "funding": [
        {
          "type": "individual",
          "url": "https://paulmillr.com/funding/"
        }
      ],
      "dependencies": {
        "anymatch": "~3.1.2",
        "braces": "~3.0.2",
        "glob-parent": "~5.1.2",
        "is-binary-path": "~2.1.0",
        "is-glob": "~4.0.1",
        "normalize-path": "~3.0.0",
        "readdirp": "~3.6.0"
      },
      "engines": {
        "node": ">= 8.10.0"
      },
      "optionalDependencies": {
        "fsevents": "~2.3.2"
      }
    },
    "node_modules/esbuild": {
      "version": "0.14.47",
      "resolved": "https://registry.npmjs.org/esbuild/-/esbuild-0.14.47.tgz",
      "integrity": "sha512-wI4ZiIfFxpkuxB8ju4MHrGwGLyp1+awEHAHVpx6w7a+1pmYIq8T9FGEVVwFo0iFierDoMj++Xq69GXWYn2EiwA==",
      "dev": true,
      "hasInstallScript": true,
      "bin": {
        "esbuild": "bin/esbuild"
      },
      "engines": {
        "node": ">=12"
      },
      "optionalDependencies": {
        "esbuild-android-64": "0.14.47",
        "esbuild-android-arm64": "0.14.47",
        "esbuild-darwin-64": "0.14.47",
        "esbuild-darwin-arm64": "0.14.47",
        "esbuild-freebsd-64": "0.14.47",
        "esbuild-freebsd-arm64": "0.14.47",
        "esbuild-linux-32": "0.14.47",
        "esbuild-linux-64": "0.14.47",
        "esbuild-linux-arm": "0.14.47",
        "esbuild-linux-arm64": "0.14.47",
        "esbuild-linux-mips64le": "0.14.47",
        "esbuild-linux-ppc64le": "0.14.47",
        "esbuild-linux-riscv64": "0.14.47",
        "esbuild-linux-s390x": "0.14.47",
        "esbuild-netbsd-64": "0.14.47",
        "esbuild-openbsd-64": "0.14.47",
        "esbuild-sunos-64": "0.14.47",
        "esbuild-windows-32": "0.14.47",
        "esbuild-windows-64": "0.14.47",
        "esbuild-windows-arm64": "0.14.47"
      }
    },
    "node_modules/esbuild-android-64": {
      "version": "0.14.47",
      "resolved": "https://registry.npmjs.org/esbuild-android-64/-/esbuild-android-64-0.14.47.tgz",
      "integrity": "sha512-R13Bd9+tqLVFndncMHssZrPWe6/0Kpv2/dt4aA69soX4PRxlzsVpCvoJeFE8sOEoeVEiBkI0myjlkDodXlHa0g==",
      "cpu": [
        "x64"
      ],
      "dev": true,
      "optional": true,
      "os": [
        "android"
      ],
      "engines": {
        "node": ">=12"
      }
    },
    "node_modules/esbuild-android-arm64": {
      "version": "0.14.47",
      "resolved": "https://registry.npmjs.org/esbuild-android-arm64/-/esbuild-android-arm64-0.14.47.tgz",
      "integrity": "sha512-OkwOjj7ts4lBp/TL6hdd8HftIzOy/pdtbrNA4+0oVWgGG64HrdVzAF5gxtJufAPOsEjkyh1oIYvKAUinKKQRSQ==",
      "cpu": [
        "arm64"
      ],
      "dev": true,
      "optional": true,
      "os": [
        "android"
      ],
      "engines": {
        "node": ">=12"
      }
    },
    "node_modules/esbuild-darwin-64": {
      "version": "0.14.47",
      "resolved": "https://registry.npmjs.org/esbuild-darwin-64/-/esbuild-darwin-64-0.14.47.tgz",
      "integrity": "sha512-R6oaW0y5/u6Eccti/TS6c/2c1xYTb1izwK3gajJwi4vIfNs1s8B1dQzI1UiC9T61YovOQVuePDcfqHLT3mUZJA==",
      "cpu": [
        "x64"
      ],
      "dev": true,
      "optional": true,
      "os": [
        "darwin"
      ],
      "engines": {
        "node": ">=12"
      }
    },
    "node_modules/esbuild-darwin-arm64": {
      "version": "0.14.47",
      "resolved": "https://registry.npmjs.org/esbuild-darwin-arm64/-/esbuild-darwin-arm64-0.14.47.tgz",
      "integrity": "sha512-seCmearlQyvdvM/noz1L9+qblC5vcBrhUaOoLEDDoLInF/VQ9IkobGiLlyTPYP5dW1YD4LXhtBgOyevoIHGGnw==",
      "cpu": [
        "arm64"
      ],
      "dev": true,
      "optional": true,
      "os": [
        "darwin"
      ],
      "engines": {
        "node": ">=12"
      }
    },
    "node_modules/esbuild-freebsd-64": {
      "version": "0.14.47",
      "resolved": "https://registry.npmjs.org/esbuild-freebsd-64/-/esbuild-freebsd-64-0.14.47.tgz",
      "integrity": "sha512-ZH8K2Q8/Ux5kXXvQMDsJcxvkIwut69KVrYQhza/ptkW50DC089bCVrJZZ3sKzIoOx+YPTrmsZvqeZERjyYrlvQ==",
      "cpu": [
        "x64"
      ],
      "dev": true,
      "optional": true,
      "os": [
        "freebsd"
      ],
      "engines": {
        "node": ">=12"
      }
    },
    "node_modules/esbuild-freebsd-arm64": {
      "version": "0.14.47",
      "resolved": "https://registry.npmjs.org/esbuild-freebsd-arm64/-/esbuild-freebsd-arm64-0.14.47.tgz",
      "integrity": "sha512-ZJMQAJQsIOhn3XTm7MPQfCzEu5b9STNC+s90zMWe2afy9EwnHV7Ov7ohEMv2lyWlc2pjqLW8QJnz2r0KZmeAEQ==",
      "cpu": [
        "arm64"
      ],
      "dev": true,
      "optional": true,
      "os": [
        "freebsd"
      ],
      "engines": {
        "node": ">=12"
      }
    },
    "node_modules/esbuild-linux-32": {
      "version": "0.14.47",
      "resolved": "https://registry.npmjs.org/esbuild-linux-32/-/esbuild-linux-32-0.14.47.tgz",
      "integrity": "sha512-FxZOCKoEDPRYvq300lsWCTv1kcHgiiZfNrPtEhFAiqD7QZaXrad8LxyJ8fXGcWzIFzRiYZVtB3ttvITBvAFhKw==",
      "cpu": [
        "ia32"
      ],
      "dev": true,
      "optional": true,
      "os": [
        "linux"
      ],
      "engines": {
        "node": ">=12"
      }
    },
    "node_modules/esbuild-linux-64": {
      "version": "0.14.47",
      "resolved": "https://registry.npmjs.org/esbuild-linux-64/-/esbuild-linux-64-0.14.47.tgz",
      "integrity": "sha512-nFNOk9vWVfvWYF9YNYksZptgQAdstnDCMtR6m42l5Wfugbzu11VpMCY9XrD4yFxvPo9zmzcoUL/88y0lfJZJJw==",
      "cpu": [
        "x64"
      ],
      "dev": true,
      "optional": true,
      "os": [
        "linux"
      ],
      "engines": {
        "node": ">=12"
      }
    },
    "node_modules/esbuild-linux-arm": {
      "version": "0.14.47",
      "resolved": "https://registry.npmjs.org/esbuild-linux-arm/-/esbuild-linux-arm-0.14.47.tgz",
      "integrity": "sha512-ZGE1Bqg/gPRXrBpgpvH81tQHpiaGxa8c9Rx/XOylkIl2ypLuOcawXEAo8ls+5DFCcRGt/o3sV+PzpAFZobOsmA==",
      "cpu": [
        "arm"
      ],
      "dev": true,
      "optional": true,
      "os": [
        "linux"
      ],
      "engines": {
        "node": ">=12"
      }
    },
    "node_modules/esbuild-linux-arm64": {
      "version": "0.14.47",
      "resolved": "https://registry.npmjs.org/esbuild-linux-arm64/-/esbuild-linux-arm64-0.14.47.tgz",
      "integrity": "sha512-ywfme6HVrhWcevzmsufjd4iT3PxTfCX9HOdxA7Hd+/ZM23Y9nXeb+vG6AyA6jgq/JovkcqRHcL9XwRNpWG6XRw==",
      "cpu": [
        "arm64"
      ],
      "dev": true,
      "optional": true,
      "os": [
        "linux"
      ],
      "engines": {
        "node": ">=12"
      }
    },
    "node_modules/esbuild-linux-mips64le": {
      "version": "0.14.47",
      "resolved": "https://registry.npmjs.org/esbuild-linux-mips64le/-/esbuild-linux-mips64le-0.14.47.tgz",
      "integrity": "sha512-mg3D8YndZ1LvUiEdDYR3OsmeyAew4MA/dvaEJxvyygahWmpv1SlEEnhEZlhPokjsUMfRagzsEF/d/2XF+kTQGg==",
      "cpu": [
        "mips64el"
      ],
      "dev": true,
      "optional": true,
      "os": [
        "linux"
      ],
      "engines": {
        "node": ">=12"
      }
    },
    "node_modules/esbuild-linux-ppc64le": {
      "version": "0.14.47",
      "resolved": "https://registry.npmjs.org/esbuild-linux-ppc64le/-/esbuild-linux-ppc64le-0.14.47.tgz",
      "integrity": "sha512-WER+f3+szmnZiWoK6AsrTKGoJoErG2LlauSmk73LEZFQ/iWC+KhhDsOkn1xBUpzXWsxN9THmQFltLoaFEH8F8w==",
      "cpu": [
        "ppc64"
      ],
      "dev": true,
      "optional": true,
      "os": [
        "linux"
      ],
      "engines": {
        "node": ">=12"
      }
    },
    "node_modules/esbuild-linux-riscv64": {
      "version": "0.14.47",
      "resolved": "https://registry.npmjs.org/esbuild-linux-riscv64/-/esbuild-linux-riscv64-0.14.47.tgz",
      "integrity": "sha512-1fI6bP3A3rvI9BsaaXbMoaOjLE3lVkJtLxsgLHqlBhLlBVY7UqffWBvkrX/9zfPhhVMd9ZRFiaqXnB1T7BsL2g==",
      "cpu": [
        "riscv64"
      ],
      "dev": true,
      "optional": true,
      "os": [
        "linux"
      ],
      "engines": {
        "node": ">=12"
      }
    },
    "node_modules/esbuild-linux-s390x": {
      "version": "0.14.47",
      "resolved": "https://registry.npmjs.org/esbuild-linux-s390x/-/esbuild-linux-s390x-0.14.47.tgz",
      "integrity": "sha512-eZrWzy0xFAhki1CWRGnhsHVz7IlSKX6yT2tj2Eg8lhAwlRE5E96Hsb0M1mPSE1dHGpt1QVwwVivXIAacF/G6mw==",
      "cpu": [
        "s390x"
      ],
      "dev": true,
      "optional": true,
      "os": [
        "linux"
      ],
      "engines": {
        "node": ">=12"
      }
    },
    "node_modules/esbuild-netbsd-64": {
      "version": "0.14.47",
      "resolved": "https://registry.npmjs.org/esbuild-netbsd-64/-/esbuild-netbsd-64-0.14.47.tgz",
      "integrity": "sha512-Qjdjr+KQQVH5Q2Q1r6HBYswFTToPpss3gqCiSw2Fpq/ua8+eXSQyAMG+UvULPqXceOwpnPo4smyZyHdlkcPppQ==",
      "cpu": [
        "x64"
      ],
      "dev": true,
      "optional": true,
      "os": [
        "netbsd"
      ],
      "engines": {
        "node": ">=12"
      }
    },
    "node_modules/esbuild-openbsd-64": {
      "version": "0.14.47",
      "resolved": "https://registry.npmjs.org/esbuild-openbsd-64/-/esbuild-openbsd-64-0.14.47.tgz",
      "integrity": "sha512-QpgN8ofL7B9z8g5zZqJE+eFvD1LehRlxr25PBkjyyasakm4599iroUpaj96rdqRlO2ShuyqwJdr+oNqWwTUmQw==",
      "cpu": [
        "x64"
      ],
      "dev": true,
      "optional": true,
      "os": [
        "openbsd"
      ],
      "engines": {
        "node": ">=12"
      }
    },
    "node_modules/esbuild-sass-plugin": {
      "version": "2.2.6",
      "resolved": "https://registry.npmjs.org/esbuild-sass-plugin/-/esbuild-sass-plugin-2.2.6.tgz",
      "integrity": "sha512-WVREJhOS6UlZNoS2FhkOA5980VVKjS6ocUK7YFghJt/94rWDNXxPI+XfkOKlSMbJF/n5wAotr37P8/9KhgkgPQ==",
      "dev": true,
      "dependencies": {
        "esbuild": "^0.14.13",
        "sass": "^1.49.0"
      }
    },
    "node_modules/esbuild-sunos-64": {
      "version": "0.14.47",
      "resolved": "https://registry.npmjs.org/esbuild-sunos-64/-/esbuild-sunos-64-0.14.47.tgz",
      "integrity": "sha512-uOeSgLUwukLioAJOiGYm3kNl+1wJjgJA8R671GYgcPgCx7QR73zfvYqXFFcIO93/nBdIbt5hd8RItqbbf3HtAQ==",
      "cpu": [
        "x64"
      ],
      "dev": true,
      "optional": true,
      "os": [
        "sunos"
      ],
      "engines": {
        "node": ">=12"
      }
    },
    "node_modules/esbuild-windows-32": {
      "version": "0.14.47",
      "resolved": "https://registry.npmjs.org/esbuild-windows-32/-/esbuild-windows-32-0.14.47.tgz",
      "integrity": "sha512-H0fWsLTp2WBfKLBgwYT4OTfFly4Im/8B5f3ojDv1Kx//kiubVY0IQunP2Koc/fr/0wI7hj3IiBDbSrmKlrNgLQ==",
      "cpu": [
        "ia32"
      ],
      "dev": true,
      "optional": true,
      "os": [
        "win32"
      ],
      "engines": {
        "node": ">=12"
      }
    },
    "node_modules/esbuild-windows-64": {
      "version": "0.14.47",
      "resolved": "https://registry.npmjs.org/esbuild-windows-64/-/esbuild-windows-64-0.14.47.tgz",
      "integrity": "sha512-/Pk5jIEH34T68r8PweKRi77W49KwanZ8X6lr3vDAtOlH5EumPE4pBHqkCUdELanvsT14yMXLQ/C/8XPi1pAtkQ==",
      "cpu": [
        "x64"
      ],
      "dev": true,
      "optional": true,
      "os": [
        "win32"
      ],
      "engines": {
        "node": ">=12"
      }
    },
    "node_modules/esbuild-windows-arm64": {
      "version": "0.14.47",
      "resolved": "https://registry.npmjs.org/esbuild-windows-arm64/-/esbuild-windows-arm64-0.14.47.tgz",
      "integrity": "sha512-HFSW2lnp62fl86/qPQlqw6asIwCnEsEoNIL1h2uVMgakddf+vUuMcCbtUY1i8sst7KkgHrVKCJQB33YhhOweCQ==",
      "cpu": [
        "arm64"
      ],
      "dev": true,
      "optional": true,
      "os": [
        "win32"
      ],
      "engines": {
        "node": ">=12"
      }
    },
    "node_modules/fill-range": {
      "version": "7.1.1",
      "resolved": "https://registry.npmjs.org/fill-range/-/fill-range-7.1.1.tgz",
      "integrity": "sha512-YsGpe3WHLK8ZYi4tWDg2Jy3ebRz2rXowDxnld4bkQB00cc/1Zw9AWnC0i9ztDJitivtQvaI9KaLyKrc+hBW0yg==",
      "dev": true,
      "dependencies": {
        "to-regex-range": "^5.0.1"
      },
      "engines": {
        "node": ">=8"
      }
    },
    "node_modules/fsevents": {
      "version": "2.3.2",
      "resolved": "https://registry.npmjs.org/fsevents/-/fsevents-2.3.2.tgz",
      "integrity": "sha512-xiqMQR4xAeHTuB9uWm+fFRcIOgKBMiOBP+eXiyT7jsgVCq1bkVygt00oASowB7EdtpOHaaPgKt812P9ab+DDKA==",
      "dev": true,
      "hasInstallScript": true,
      "optional": true,
      "os": [
        "darwin"
      ],
      "engines": {
        "node": "^8.16.0 || ^10.6.0 || >=11.0.0"
      }
    },
    "node_modules/glob-parent": {
      "version": "5.1.2",
      "resolved": "https://registry.npmjs.org/glob-parent/-/glob-parent-5.1.2.tgz",
      "integrity": "sha512-AOIgSQCepiJYwP3ARnGx+5VnTu2HBYdzbGP45eLw1vr3zB3vZLeyed1sC9hnbcOc9/SrMyM5RPQrkGz4aS9Zow==",
      "dev": true,
      "dependencies": {
        "is-glob": "^4.0.1"
      },
      "engines": {
        "node": ">= 6"
      }
    },
    "node_modules/immutable": {
      "version": "4.1.0",
      "resolved": "https://registry.npmjs.org/immutable/-/immutable-4.1.0.tgz",
      "integrity": "sha512-oNkuqVTA8jqG1Q6c+UglTOD1xhC1BtjKI7XkCXRkZHrN5m18/XsnUp8Q89GkQO/z+0WjonSvl0FLhDYftp46nQ==",
      "dev": true
    },
    "node_modules/is-binary-path": {
      "version": "2.1.0",
      "resolved": "https://registry.npmjs.org/is-binary-path/-/is-binary-path-2.1.0.tgz",
      "integrity": "sha512-ZMERYes6pDydyuGidse7OsHxtbI7WVeUEozgR/g7rd0xUimYNlvZRE/K2MgZTjWy725IfelLeVcEM97mmtRGXw==",
      "dev": true,
      "dependencies": {
        "binary-extensions": "^2.0.0"
      },
      "engines": {
        "node": ">=8"
      }
    },
    "node_modules/is-extglob": {
      "version": "2.1.1",
      "resolved": "https://registry.npmjs.org/is-extglob/-/is-extglob-2.1.1.tgz",
      "integrity": "sha512-SbKbANkN603Vi4jEZv49LeVJMn4yGwsbzZworEoyEiutsN3nJYdbO36zfhGJ6QEDpOZIFkDtnq5JRxmvl3jsoQ==",
      "dev": true,
      "engines": {
        "node": ">=0.10.0"
      }
    },
    "node_modules/is-glob": {
      "version": "4.0.3",
      "resolved": "https://registry.npmjs.org/is-glob/-/is-glob-4.0.3.tgz",
      "integrity": "sha512-xelSayHH36ZgE7ZWhli7pW34hNbNl8Ojv5KVmkJD4hBdD3th8Tfk9vYasLM+mXWOZhFkgZfxhLSnrwRr4elSSg==",
      "dev": true,
      "dependencies": {
        "is-extglob": "^2.1.1"
      },
      "engines": {
        "node": ">=0.10.0"
      }
    },
    "node_modules/is-number": {
      "version": "7.0.0",
      "resolved": "https://registry.npmjs.org/is-number/-/is-number-7.0.0.tgz",
      "integrity": "sha512-41Cifkg6e8TylSpdtTpeLVMqvSBEVzTttHvERD741+pnZ8ANv0004MRL43QKPDlK9cGvNp6NZWZUBlbGXYxxng==",
      "dev": true,
      "engines": {
        "node": ">=0.12.0"
      }
    },
    "node_modules/jquery": {
      "version": "3.6.0",
      "resolved": "https://registry.npmjs.org/jquery/-/jquery-3.6.0.tgz",
      "integrity": "sha512-JVzAR/AjBvVt2BmYhxRCSYysDsPcssdmTFnzyLEts9qNwmjmu4JTAMYubEfwVOSwpQ1I1sKKFcxhZCI2buerfw=="
    },
    "node_modules/normalize-path": {
      "version": "3.0.0",
      "resolved": "https://registry.npmjs.org/normalize-path/-/normalize-path-3.0.0.tgz",
      "integrity": "sha512-6eZs5Ls3WtCisHWp9S2GUy8dqkpGi4BVSz3GaqiE6ezub0512ESztXUwUB6C6IKbQkY2Pnb/mD4WYojCRwcwLA==",
      "dev": true,
      "engines": {
        "node": ">=0.10.0"
      }
    },
    "node_modules/picomatch": {
      "version": "2.3.1",
      "resolved": "https://registry.npmjs.org/picomatch/-/picomatch-2.3.1.tgz",
      "integrity": "sha512-JU3teHTNjmE2VCGFzuY8EXzCDVwEqB2a8fsIvwaStHhAWJEeVd1o1QD80CU6+ZdEXXSLbSsuLwJjkCBWqRQUVA==",
      "dev": true,
      "engines": {
        "node": ">=8.6"
      },
      "funding": {
        "url": "https://github.com/sponsors/jonschlinkert"
      }
    },
    "node_modules/popper.js": {
      "version": "1.16.1",
      "resolved": "https://registry.npmjs.org/popper.js/-/popper.js-1.16.1.tgz",
      "integrity": "sha512-Wb4p1J4zyFTbM+u6WuO4XstYx4Ky9Cewe4DWrel7B0w6VVICvPwdOpotjzcf6eD8TsckVnIMNONQyPIUFOUbCQ==",
      "deprecated": "You can find the new Popper v2 at @popperjs/core, this package is dedicated to the legacy v1",
      "funding": {
        "type": "opencollective",
        "url": "https://opencollective.com/popperjs"
      }
    },
    "node_modules/readdirp": {
      "version": "3.6.0",
      "resolved": "https://registry.npmjs.org/readdirp/-/readdirp-3.6.0.tgz",
      "integrity": "sha512-hOS089on8RduqdbhvQ5Z37A0ESjsqz6qnRcffsMU3495FuTdqSm+7bhJ29JvIOsBDEEnan5DPu9t3To9VRlMzA==",
      "dev": true,
      "dependencies": {
        "picomatch": "^2.2.1"
      },
      "engines": {
        "node": ">=8.10.0"
      }
    },
    "node_modules/sass": {
      "version": "1.53.0",
      "resolved": "https://registry.npmjs.org/sass/-/sass-1.53.0.tgz",
      "integrity": "sha512-zb/oMirbKhUgRQ0/GFz8TSAwRq2IlR29vOUJZOx0l8sV+CkHUfHa4u5nqrG+1VceZp7Jfj59SVW9ogdhTvJDcQ==",
      "dev": true,
      "dependencies": {
        "chokidar": ">=3.0.0 <4.0.0",
        "immutable": "^4.0.0",
        "source-map-js": ">=0.6.2 <2.0.0"
      },
      "bin": {
        "sass": "sass.js"
      },
      "engines": {
        "node": ">=12.0.0"
      }
    },
    "node_modules/source-map-js": {
      "version": "1.0.2",
      "resolved": "https://registry.npmjs.org/source-map-js/-/source-map-js-1.0.2.tgz",
      "integrity": "sha512-R0XvVJ9WusLiqTCEiGCmICCMplcCkIwwR11mOSD9CR5u+IXYdiseeEuXCVAjS54zqwkLcPNnmU4OeJ6tUrWhDw==",
      "dev": true,
      "engines": {
        "node": ">=0.10.0"
      }
    },
    "node_modules/to-regex-range": {
      "version": "5.0.1",
      "resolved": "https://registry.npmjs.org/to-regex-range/-/to-regex-range-5.0.1.tgz",
      "integrity": "sha512-65P7iz6X5yEr1cwcgvQxbbIw7Uk3gOy5dIdtZ4rDveLqhrdJP+Li/Hx6tyK0NEb+2GCyneCMJiGqrADCSNk8sQ==",
      "dev": true,
      "dependencies": {
        "is-number": "^7.0.0"
      },
      "engines": {
        "node": ">=8.0"
      }
    },
    "node_modules/typeface-roboto": {
      "version": "0.0.54",
      "resolved": "https://registry.npmjs.org/typeface-roboto/-/typeface-roboto-0.0.54.tgz",
      "integrity": "sha512-sOFA1FXgP0gOgBYlS6irwq6hHYA370KE3dPlgYEJHL3PJd5X8gQE0RmL79ONif6fL5JZuGDj+rtOrFeOqz5IZQ=="
    }
  },
  "dependencies": {
    "@fortawesome/fontawesome-common-types": {
      "version": "6.1.1",
      "resolved": "https://registry.npmjs.org/@fortawesome/fontawesome-common-types/-/fontawesome-common-types-6.1.1.tgz",
      "integrity": "sha512-wVn5WJPirFTnzN6tR95abCx+ocH+3IFLXAgyavnf9hUmN0CfWoDjPT/BAWsUVwSlYYVBeCLJxaqi7ZGe4uSjBA=="
    },
    "@fortawesome/fontawesome-svg-core": {
      "version": "6.1.1",
      "resolved": "https://registry.npmjs.org/@fortawesome/fontawesome-svg-core/-/fontawesome-svg-core-6.1.1.tgz",
      "integrity": "sha512-NCg0w2YIp81f4V6cMGD9iomfsIj7GWrqmsa0ZsPh59G7PKiGN1KymZNxmF00ssuAlo/VZmpK6xazsGOwzKYUMg==",
      "requires": {
        "@fortawesome/fontawesome-common-types": "6.1.1"
      }
    },
    "@fortawesome/free-solid-svg-icons": {
      "version": "6.1.1",
      "resolved": "https://registry.npmjs.org/@fortawesome/free-solid-svg-icons/-/free-solid-svg-icons-6.1.1.tgz",
      "integrity": "sha512-0/5exxavOhI/D4Ovm2r3vxNojGZioPwmFrKg0ZUH69Q68uFhFPs6+dhAToh6VEQBntxPRYPuT5Cg1tpNa9JUPg==",
      "requires": {
        "@fortawesome/fontawesome-common-types": "6.1.1"
      }
    },
    "anymatch": {
      "version": "3.1.2",
      "resolved": "https://registry.npmjs.org/anymatch/-/anymatch-3.1.2.tgz",
      "integrity": "sha512-P43ePfOAIupkguHUycrc4qJ9kz8ZiuOUijaETwX7THt0Y/GNK7v0aa8rY816xWjZ7rJdA5XdMcpVFTKMq+RvWg==",
      "dev": true,
      "requires": {
        "normalize-path": "^3.0.0",
        "picomatch": "^2.0.4"
      }
    },
    "binary-extensions": {
      "version": "2.2.0",
      "resolved": "https://registry.npmjs.org/binary-extensions/-/binary-extensions-2.2.0.tgz",
      "integrity": "sha512-jDctJ/IVQbZoJykoeHbhXpOlNBqGNcwXJKJog42E5HDPUwQTSdjCHdihjj0DlnheQ7blbT6dHOafNAiS8ooQKA==",
      "dev": true
    },
    "bootstrap": {
      "version": "4.6.1",
      "resolved": "https://registry.npmjs.org/bootstrap/-/bootstrap-4.6.1.tgz",
      "integrity": "sha512-0dj+VgI9Ecom+rvvpNZ4MUZJz8dcX7WCX+eTID9+/8HgOkv3dsRzi8BGeZJCQU6flWQVYxwTQnEZFrmJSEO7og==",
      "requires": {}
    },
    "bootswatch": {
      "version": "4.6.1",
      "resolved": "https://registry.npmjs.org/bootswatch/-/bootswatch-4.6.1.tgz",
      "integrity": "sha512-5vRhlIIvgZ2rH3QLHcVVa+Z+jNpn1/zEvGlJYkp4/g1LmsGY42S6IOpYyBu40RGjqqiYIjoeX/uWDdAAIYVG7A=="
    },
    "braces": {
      "version": "3.0.3",
      "resolved": "https://registry.npmjs.org/braces/-/braces-3.0.3.tgz",
      "integrity": "sha512-yQbXgO/OSZVD2IsiLlro+7Hf6Q18EJrKSEsdoMzKePKXct3gvD8oLcOQdIzGupr5Fj+EDe8gO/lxc1BzfMpxvA==",
      "dev": true,
      "requires": {
        "fill-range": "^7.1.1"
      }
    },
    "chokidar": {
      "version": "3.5.3",
      "resolved": "https://registry.npmjs.org/chokidar/-/chokidar-3.5.3.tgz",
      "integrity": "sha512-Dr3sfKRP6oTcjf2JmUmFJfeVMvXBdegxB0iVQ5eb2V10uFJUCAS8OByZdVAyVb8xXNz3GjjTgj9kLWsZTqE6kw==",
      "dev": true,
      "requires": {
        "anymatch": "~3.1.2",
        "braces": "~3.0.2",
        "fsevents": "~2.3.2",
        "glob-parent": "~5.1.2",
        "is-binary-path": "~2.1.0",
        "is-glob": "~4.0.1",
        "normalize-path": "~3.0.0",
        "readdirp": "~3.6.0"
      }
    },
    "esbuild": {
      "version": "0.14.47",
      "resolved": "https://registry.npmjs.org/esbuild/-/esbuild-0.14.47.tgz",
      "integrity": "sha512-wI4ZiIfFxpkuxB8ju4MHrGwGLyp1+awEHAHVpx6w7a+1pmYIq8T9FGEVVwFo0iFierDoMj++Xq69GXWYn2EiwA==",
      "dev": true,
      "requires": {
        "esbuild-android-64": "0.14.47",
        "esbuild-android-arm64": "0.14.47",
        "esbuild-darwin-64": "0.14.47",
        "esbuild-darwin-arm64": "0.14.47",
        "esbuild-freebsd-64": "0.14.47",
        "esbuild-freebsd-arm64": "0.14.47",
        "esbuild-linux-32": "0.14.47",
        "esbuild-linux-64": "0.14.47",
        "esbuild-linux-arm": "0.14.47",
        "esbuild-linux-arm64": "0.14.47",
        "esbuild-linux-mips64le": "0.14.47",
        "esbuild-linux-ppc64le": "0.14.47",
        "esbuild-linux-riscv64": "0.14.47",
        "esbuild-linux-s390x": "0.14.47",
        "esbuild-netbsd-64": "0.14.47",
        "esbuild-openbsd-64": "0.14.47",
        "esbuild-sunos-64": "0.14.47",
        "esbuild-windows-32": "0.14.47",
        "esbuild-windows-64": "0.14.47",
        "esbuild-windows-arm64": "0.14.47"
      }
    },
    "esbuild-android-64": {
      "version": "0.14.47",
      "resolved": "https://registry.npmjs.org/esbuild-android-64/-/esbuild-android-64-0.14.47.tgz",
      "integrity": "sha512-R13Bd9+tqLVFndncMHssZrPWe6/0Kpv2/dt4aA69soX4PRxlzsVpCvoJeFE8sOEoeVEiBkI0myjlkDodXlHa0g==",
      "dev": true,
      "optional": true
    },
    "esbuild-android-arm64": {
      "version": "0.14.47",
      "resolved": "https://registry.npmjs.org/esbuild-android-arm64/-/esbuild-android-arm64-0.14.47.tgz",
      "integrity": "sha512-OkwOjj7ts4lBp/TL6hdd8HftIzOy/pdtbrNA4+0oVWgGG64HrdVzAF5gxtJufAPOsEjkyh1oIYvKAUinKKQRSQ==",
      "dev": true,
      "optional": true
    },
    "esbuild-darwin-64": {
      "version": "0.14.47",
      "resolved": "https://registry.npmjs.org/esbuild-darwin-64/-/esbuild-darwin-64-0.14.47.tgz",
      "integrity": "sha512-R6oaW0y5/u6Eccti/TS6c/2c1xYTb1izwK3gajJwi4vIfNs1s8B1dQzI1UiC9T61YovOQVuePDcfqHLT3mUZJA==",
      "dev": true,
      "optional": true
    },
    "esbuild-darwin-arm64": {
      "version": "0.14.47",
      "resolved": "https://registry.npmjs.org/esbuild-darwin-arm64/-/esbuild-darwin-arm64-0.14.47.tgz",
      "integrity": "sha512-seCmearlQyvdvM/noz1L9+qblC5vcBrhUaOoLEDDoLInF/VQ9IkobGiLlyTPYP5dW1YD4LXhtBgOyevoIHGGnw==",
      "dev": true,
      "optional": true
    },
    "esbuild-freebsd-64": {
      "version": "0.14.47",
      "resolved": "https://registry.npmjs.org/esbuild-freebsd-64/-/esbuild-freebsd-64-0.14.47.tgz",
      "integrity": "sha512-ZH8K2Q8/Ux5kXXvQMDsJcxvkIwut69KVrYQhza/ptkW50DC089bCVrJZZ3sKzIoOx+YPTrmsZvqeZERjyYrlvQ==",
      "dev": true,
      "optional": true
    },
    "esbuild-freebsd-arm64": {
      "version": "0.14.47",
      "resolved": "https://registry.npmjs.org/esbuild-freebsd-arm64/-/esbuild-freebsd-arm64-0.14.47.tgz",
      "integrity": "sha512-ZJMQAJQsIOhn3XTm7MPQfCzEu5b9STNC+s90zMWe2afy9EwnHV7Ov7ohEMv2lyWlc2pjqLW8QJnz2r0KZmeAEQ==",
      "dev": true,
      "optional": true
    },
    "esbuild-linux-32": {
      "version": "0.14.47",
      "resolved": "https://registry.npmjs.org/esbuild-linux-32/-/esbuild-linux-32-0.14.47.tgz",
      "integrity": "sha512-FxZOCKoEDPRYvq300lsWCTv1kcHgiiZfNrPtEhFAiqD7QZaXrad8LxyJ8fXGcWzIFzRiYZVtB3ttvITBvAFhKw==",
      "dev": true,
      "optional": true
    },
    "esbuild-linux-64": {
      "version": "0.14.47",
      "resolved": "https://registry.npmjs.org/esbuild-linux-64/-/esbuild-linux-64-0.14.47.tgz",
      "integrity": "sha512-nFNOk9vWVfvWYF9YNYksZptgQAdstnDCMtR6m42l5Wfugbzu11VpMCY9XrD4yFxvPo9zmzcoUL/88y0lfJZJJw==",
      "dev": true,
      "optional": true
    },
    "esbuild-linux-arm": {
      "version": "0.14.47",
      "resolved": "https://registry.npmjs.org/esbuild-linux-arm/-/esbuild-linux-arm-0.14.47.tgz",
      "integrity": "sha512-ZGE1Bqg/gPRXrBpgpvH81tQHpiaGxa8c9Rx/XOylkIl2ypLuOcawXEAo8ls+5DFCcRGt/o3sV+PzpAFZobOsmA==",
      "dev": true,
      "optional": true
    },
    "esbuild-linux-arm64": {
      "version": "0.14.47",
      "resolved": "https://registry.npmjs.org/esbuild-linux-arm64/-/esbuild-linux-arm64-0.14.47.tgz",
      "integrity": "sha512-ywfme6HVrhWcevzmsufjd4iT3PxTfCX9HOdxA7Hd+/ZM23Y9nXeb+vG6AyA6jgq/JovkcqRHcL9XwRNpWG6XRw==",
      "dev": true,
      "optional": true
    },
    "esbuild-linux-mips64le": {
      "version": "0.14.47",
      "resolved": "https://registry.npmjs.org/esbuild-linux-mips64le/-/esbuild-linux-mips64le-0.14.47.tgz",
      "integrity": "sha512-mg3D8YndZ1LvUiEdDYR3OsmeyAew4MA/dvaEJxvyygahWmpv1SlEEnhEZlhPokjsUMfRagzsEF/d/2XF+kTQGg==",
      "dev": true,
      "optional": true
    },
    "esbuild-linux-ppc64le": {
      "version": "0.14.47",
      "resolved": "https://registry.npmjs.org/esbuild-linux-ppc64le/-/esbuild-linux-ppc64le-0.14.47.tgz",
      "integrity": "sha512-WER+f3+szmnZiWoK6AsrTKGoJoErG2LlauSmk73LEZFQ/iWC+KhhDsOkn1xBUpzXWsxN9THmQFltLoaFEH8F8w==",
      "dev": true,
      "optional": true
    },
    "esbuild-linux-riscv64": {
      "version": "0.14.47",
      "resolved": "https://registry.npmjs.org/esbuild-linux-riscv64/-/esbuild-linux-riscv64-0.14.47.tgz",
      "integrity": "sha512-1fI6bP3A3rvI9BsaaXbMoaOjLE3lVkJtLxsgLHqlBhLlBVY7UqffWBvkrX/9zfPhhVMd9ZRFiaqXnB1T7BsL2g==",
      "dev": true,
      "optional": true
    },
    "esbuild-linux-s390x": {
      "version": "0.14.47",
      "resolved": "https://registry.npmjs.org/esbuild-linux-s390x/-/esbuild-linux-s390x-0.14.47.tgz",
      "integrity": "sha512-eZrWzy0xFAhki1CWRGnhsHVz7IlSKX6yT2tj2Eg8lhAwlRE5E96Hsb0M1mPSE1dHGpt1QVwwVivXIAacF/G6mw==",
      "dev": true,
      "optional": true
    },
    "esbuild-netbsd-64": {
      "version": "0.14.47",
      "resolved": "https://registry.npmjs.org/esbuild-netbsd-64/-/esbuild-netbsd-64-0.14.47.tgz",
      "integrity": "sha512-Qjdjr+KQQVH5Q2Q1r6HBYswFTToPpss3gqCiSw2Fpq/ua8+eXSQyAMG+UvULPqXceOwpnPo4smyZyHdlkcPppQ==",
      "dev": true,
      "optional": true
    },
    "esbuild-openbsd-64": {
      "version": "0.14.47",
      "resolved": "https://registry.npmjs.org/esbuild-openbsd-64/-/esbuild-openbsd-64-0.14.47.tgz",
      "integrity": "sha512-QpgN8ofL7B9z8g5zZqJE+eFvD1LehRlxr25PBkjyyasakm4599iroUpaj96rdqRlO2ShuyqwJdr+oNqWwTUmQw==",
      "dev": true,
      "optional": true
    },
    "esbuild-sass-plugin": {
      "version": "2.2.6",
      "resolved": "https://registry.npmjs.org/esbuild-sass-plugin/-/esbuild-sass-plugin-2.2.6.tgz",
      "integrity": "sha512-WVREJhOS6UlZNoS2FhkOA5980VVKjS6ocUK7YFghJt/94rWDNXxPI+XfkOKlSMbJF/n5wAotr37P8/9KhgkgPQ==",
      "dev": true,
      "requires": {
        "esbuild": "^0.14.13",
        "sass": "^1.49.0"
      }
    },
    "esbuild-sunos-64": {
      "version": "0.14.47",
      "resolved": "https://registry.npmjs.org/esbuild-sunos-64/-/esbuild-sunos-64-0.14.47.tgz",
      "integrity": "sha512-uOeSgLUwukLioAJOiGYm3kNl+1wJjgJA8R671GYgcPgCx7QR73zfvYqXFFcIO93/nBdIbt5hd8RItqbbf3HtAQ==",
      "dev": true,
      "optional": true
    },
    "esbuild-windows-32": {
      "version": "0.14.47",
      "resolved": "https://registry.npmjs.org/esbuild-windows-32/-/esbuild-windows-32-0.14.47.tgz",
      "integrity": "sha512-H0fWsLTp2WBfKLBgwYT4OTfFly4Im/8B5f3ojDv1Kx//kiubVY0IQunP2Koc/fr/0wI7hj3IiBDbSrmKlrNgLQ==",
      "dev": true,
      "optional": true
    },
    "esbuild-windows-64": {
      "version": "0.14.47",
      "resolved": "https://registry.npmjs.org/esbuild-windows-64/-/esbuild-windows-64-0.14.47.tgz",
      "integrity": "sha512-/Pk5jIEH34T68r8PweKRi77W49KwanZ8X6lr3vDAtOlH5EumPE4pBHqkCUdELanvsT14yMXLQ/C/8XPi1pAtkQ==",
      "dev": true,
      "optional": true
    },
    "esbuild-windows-arm64": {
      "version": "0.14.47",
      "resolved": "https://registry.npmjs.org/esbuild-windows-arm64/-/esbuild-windows-arm64-0.14.47.tgz",
      "integrity": "sha512-HFSW2lnp62fl86/qPQlqw6asIwCnEsEoNIL1h2uVMgakddf+vUuMcCbtUY1i8sst7KkgHrVKCJQB33YhhOweCQ==",
      "dev": true,
      "optional": true
    },
    "fill-range": {
      "version": "7.1.1",
      "resolved": "https://registry.npmjs.org/fill-range/-/fill-range-7.1.1.tgz",
      "integrity": "sha512-YsGpe3WHLK8ZYi4tWDg2Jy3ebRz2rXowDxnld4bkQB00cc/1Zw9AWnC0i9ztDJitivtQvaI9KaLyKrc+hBW0yg==",
      "dev": true,
      "requires": {
        "to-regex-range": "^5.0.1"
      }
    },
    "fsevents": {
      "version": "2.3.2",
      "resolved": "https://registry.npmjs.org/fsevents/-/fsevents-2.3.2.tgz",
      "integrity": "sha512-xiqMQR4xAeHTuB9uWm+fFRcIOgKBMiOBP+eXiyT7jsgVCq1bkVygt00oASowB7EdtpOHaaPgKt812P9ab+DDKA==",
      "dev": true,
      "optional": true
    },
    "glob-parent": {
      "version": "5.1.2",
      "resolved": "https://registry.npmjs.org/glob-parent/-/glob-parent-5.1.2.tgz",
      "integrity": "sha512-AOIgSQCepiJYwP3ARnGx+5VnTu2HBYdzbGP45eLw1vr3zB3vZLeyed1sC9hnbcOc9/SrMyM5RPQrkGz4aS9Zow==",
      "dev": true,
      "requires": {
        "is-glob": "^4.0.1"
      }
    },
    "immutable": {
      "version": "4.1.0",
      "resolved": "https://registry.npmjs.org/immutable/-/immutable-4.1.0.tgz",
      "integrity": "sha512-oNkuqVTA8jqG1Q6c+UglTOD1xhC1BtjKI7XkCXRkZHrN5m18/XsnUp8Q89GkQO/z+0WjonSvl0FLhDYftp46nQ==",
      "dev": true
    },
    "is-binary-path": {
      "version": "2.1.0",
      "resolved": "https://registry.npmjs.org/is-binary-path/-/is-binary-path-2.1.0.tgz",
      "integrity": "sha512-ZMERYes6pDydyuGidse7OsHxtbI7WVeUEozgR/g7rd0xUimYNlvZRE/K2MgZTjWy725IfelLeVcEM97mmtRGXw==",
      "dev": true,
      "requires": {
        "binary-extensions": "^2.0.0"
      }
    },
    "is-extglob": {
      "version": "2.1.1",
      "resolved": "https://registry.npmjs.org/is-extglob/-/is-extglob-2.1.1.tgz",
      "integrity": "sha512-SbKbANkN603Vi4jEZv49LeVJMn4yGwsbzZworEoyEiutsN3nJYdbO36zfhGJ6QEDpOZIFkDtnq5JRxmvl3jsoQ==",
      "dev": true
    },
    "is-glob": {
      "version": "4.0.3",
      "resolved": "https://registry.npmjs.org/is-glob/-/is-glob-4.0.3.tgz",
      "integrity": "sha512-xelSayHH36ZgE7ZWhli7pW34hNbNl8Ojv5KVmkJD4hBdD3th8Tfk9vYasLM+mXWOZhFkgZfxhLSnrwRr4elSSg==",
      "dev": true,
      "requires": {
        "is-extglob": "^2.1.1"
      }
    },
    "is-number": {
      "version": "7.0.0",
      "resolved": "https://registry.npmjs.org/is-number/-/is-number-7.0.0.tgz",
      "integrity": "sha512-41Cifkg6e8TylSpdtTpeLVMqvSBEVzTttHvERD741+pnZ8ANv0004MRL43QKPDlK9cGvNp6NZWZUBlbGXYxxng==",
      "dev": true
    },
    "jquery": {
      "version": "3.6.0",
      "resolved": "https://registry.npmjs.org/jquery/-/jquery-3.6.0.tgz",
      "integrity": "sha512-JVzAR/AjBvVt2BmYhxRCSYysDsPcssdmTFnzyLEts9qNwmjmu4JTAMYubEfwVOSwpQ1I1sKKFcxhZCI2buerfw=="
    },
    "normalize-path": {
      "version": "3.0.0",
      "resolved": "https://registry.npmjs.org/normalize-path/-/normalize-path-3.0.0.tgz",
      "integrity": "sha512-6eZs5Ls3WtCisHWp9S2GUy8dqkpGi4BVSz3GaqiE6ezub0512ESztXUwUB6C6IKbQkY2Pnb/mD4WYojCRwcwLA==",
      "dev": true
    },
    "picomatch": {
      "version": "2.3.1",
      "resolved": "https://registry.npmjs.org/picomatch/-/picomatch-2.3.1.tgz",
      "integrity": "sha512-JU3teHTNjmE2VCGFzuY8EXzCDVwEqB2a8fsIvwaStHhAWJEeVd1o1QD80CU6+ZdEXXSLbSsuLwJjkCBWqRQUVA==",
      "dev": true
    },
    "popper.js": {
      "version": "1.16.1",
      "resolved": "https://registry.npmjs.org/popper.js/-/popper.js-1.16.1.tgz",
      "integrity": "sha512-Wb4p1J4zyFTbM+u6WuO4XstYx4Ky9Cewe4DWrel7B0w6VVICvPwdOpotjzcf6eD8TsckVnIMNONQyPIUFOUbCQ=="
    },
    "readdirp": {
      "version": "3.6.0",
      "resolved": "https://registry.npmjs.org/readdirp/-/readdirp-3.6.0.tgz",
      "integrity": "sha512-hOS089on8RduqdbhvQ5Z37A0ESjsqz6qnRcffsMU3495FuTdqSm+7bhJ29JvIOsBDEEnan5DPu9t3To9VRlMzA==",
      "dev": true,
      "requires": {
        "picomatch": "^2.2.1"
      }
    },
    "sass": {
      "version": "1.53.0",
      "resolved": "https://registry.npmjs.org/sass/-/sass-1.53.0.tgz",
      "integrity": "sha512-zb/oMirbKhUgRQ0/GFz8TSAwRq2IlR29vOUJZOx0l8sV+CkHUfHa4u5nqrG+1VceZp7Jfj59SVW9ogdhTvJDcQ==",
      "dev": true,
      "requires": {
        "chokidar": ">=3.0.0 <4.0.0",
        "immutable": "^4.0.0",
        "source-map-js": ">=0.6.2 <2.0.0"
      }
    },
    "source-map-js": {
      "version": "1.0.2",
      "resolved": "https://registry.npmjs.org/source-map-js/-/source-map-js-1.0.2.tgz",
      "integrity": "sha512-R0XvVJ9WusLiqTCEiGCmICCMplcCkIwwR11mOSD9CR5u+IXYdiseeEuXCVAjS54zqwkLcPNnmU4OeJ6tUrWhDw==",
      "dev": true
    },
    "to-regex-range": {
      "version": "5.0.1",
      "resolved": "https://registry.npmjs.org/to-regex-range/-/to-regex-range-5.0.1.tgz",
      "integrity": "sha512-65P7iz6X5yEr1cwcgvQxbbIw7Uk3gOy5dIdtZ4rDveLqhrdJP+Li/Hx6tyK0NEb+2GCyneCMJiGqrADCSNk8sQ==",
      "dev": true,
      "requires": {
        "is-number": "^7.0.0"
      }
    },
    "typeface-roboto": {
      "version": "0.0.54",
      "resolved": "https://registry.npmjs.org/typeface-roboto/-/typeface-roboto-0.0.54.tgz",
      "integrity": "sha512-sOFA1FXgP0gOgBYlS6irwq6hHYA370KE3dPlgYEJHL3PJd5X8gQE0RmL79ONif6fL5JZuGDj+rtOrFeOqz5IZQ=="
    }
  }
}
