# This file is autogenerated, do not edit; changes may be undone by the next 'dep ensure'.


[[projects]]
  name = "github.com/Luzifer/go_helpers"
  packages = ["str"]
  revision = "e31c3a2659d3f4901f696692cfe98bd0eb5168f9"
  version = "v2.2.0"

[[projects]]
  name = "github.com/gorilla/context"
  packages = ["."]
  revision = "1ea25387ff6f684839d82767c1733ff4d4d15d0a"
  version = "v1.1"

[[projects]]
  name = "github.com/gorilla/mux"
  packages = ["."]
  revision = "24fca303ac6da784b9e8269f724ddeb0b2eea5e7"
  version = "v1.5.0"

[[projects]]
  name = "github.com/inconshreveable/mousetrap"
  packages = ["."]
  revision = "76626ae9c91c4f2a10f34cad8ce83ea42c93bb75"
  version = "v1.0"

[[projects]]
  branch = "master"
  name = "github.com/spf13/cobra"
  packages = ["."]
  revision = "b78744579491c1ceeaaa3b40205e56b0591b93a3"

[[projects]]
  name = "github.com/spf13/pflag"
  packages = ["."]
  revision = "e57e3eeb33f795204c1ca35f56c44f83227c6e66"
  version = "v1.0.0"

[[projects]]
  branch = "master"
  name = "github.com/tredoe/osutil"
  packages = ["user/crypt","user/crypt/apr1_crypt","user/crypt/common","user/crypt/md5_crypt","user/crypt/sha256_crypt","user/crypt/sha512_crypt"]
  revision = "7d3ee1afa71c90fd1514c8f557ae6c5f414208eb"

[[projects]]
  branch = "master"
  name = "golang.org/x/crypto"
  packages = ["bcrypt","blowfish"]
  revision = "9419663f5a44be8b34ca85f08abc5fe1be11f8a3"

[solve-meta]
  analyzer-name = "dep"
  analyzer-version = 1
  inputs-digest = "236339331c5c38a149e57813a37edb224e5f7f6fd1414cd7970e07981b425b77"
  solver-name = "gps-cdcl"
  solver-version = 1
