github.com/Luzifer/go_helpers v2.8.1+incompatible h1:9YvrAn7pU2viK5vRpAnI+0gyz+Tw8rxWHVIYHi642zk=
github.com/Luzifer/go_helpers v2.8.1+incompatible/go.mod h1:5yUSe0FS7lIx1Uzmt0R3tdPFrSSaPfiCqaIA6u0Zn4Y=
github.com/pkg/errors v0.8.1 h1:iURUrRGxPUNPdy5/HRSm+Yj6okJ6UtLINN0Q9M4+h3I=
github.com/pkg/errors v0.8.1/go.mod h1:bwawxfHBFNV+L2hUp1rHADufV3IMtnDRdf1r5NINEl0=
